
Microsoft Visual Studio Solution File, Format Version 12.00
# Visual Studio Version 17
VisualStudioVersion = 17.11.35303.130
MinimumVisualStudioVersion = 10.0.40219.1
Project("{FAE04EC0-301F-11D3-BF4B-00C04F79EFBC}") = "PatientsRegistry", "PatientsRegistry\PatientsRegistry.csproj", "{68489598-6265-424E-9F2E-C4042366233E}"
EndProject
Project("{FAE04EC0-301F-11D3-BF4B-00C04F79EFBC}") = "DataAccess", "DataAccess\DataAccess.csproj", "{AFA9FC85-27A0-41FC-A17E-2DABFC2C4ADD}"
EndProject
Project("{2150E333-8FDC-42A3-9474-1A3956D46DE8}") = "Solution Items", "Solution Items", "{C37D9704-42E1-412F-8A5A-B46E45EF8766}"
	ProjectSection(SolutionItems) = preProject
		README.md = README.md
	EndProjectSection
EndProject
Global
	GlobalSection(SolutionConfigurationPlatforms) = preSolution
		Debug|Any CPU = Debug|Any CPU
		Release|Any CPU = Release|Any CPU
	EndGlobalSection
	GlobalSection(ProjectConfigurationPlatforms) = postSolution
		{68489598-6265-424E-9F2E-C4042366233E}.Debug|Any CPU.ActiveCfg = Debug|Any CPU
		{68489598-6265-424E-9F2E-C4042366233E}.Debug|Any CPU.Build.0 = Debug|Any CPU
		{68489598-6265-424E-9F2E-C4042366233E}.Release|Any CPU.ActiveCfg = Release|Any CPU
		{68489598-6265-424E-9F2E-C4042366233E}.Release|Any CPU.Build.0 = Release|Any CPU
		{AFA9FC85-27A0-41FC-A17E-2DABFC2C4ADD}.Debug|Any CPU.ActiveCfg = Debug|Any CPU
		{AFA9FC85-27A0-41FC-A17E-2DABFC2C4ADD}.Debug|Any CPU.Build.0 = Debug|Any CPU
		{AFA9FC85-27A0-41FC-A17E-2DABFC2C4ADD}.Release|Any CPU.ActiveCfg = Release|Any CPU
		{AFA9FC85-27A0-41FC-A17E-2DABFC2C4ADD}.Release|Any CPU.Build.0 = Release|Any CPU
	EndGlobalSection
	GlobalSection(SolutionProperties) = preSolution
		HideSolutionNode = FALSE
	EndGlobalSection
	GlobalSection(ExtensibilityGlobals) = postSolution
		SolutionGuid = {5CAA2040-41ED-4516-944A-3037590951F3}
	EndGlobalSection
EndGlobal
