
Microsoft Visual Studio Solution File, Format Version 12.00
# Visual Studio 14
VisualStudioVersion = 14.0.25123.0
MinimumVisualStudioVersion = 10.0.40219.1
Project("{FAE04EC0-301F-11D3-BF4B-00C04F79EFBC}") = "PatientsRegistry", "PatientsRegistry\PatientsRegistry.csproj", "{68489598-6265-424E-9F2E-C4042366233E}"
EndProject
Project("{FAE04EC0-301F-11D3-BF4B-00C04F79EFBC}") = "DataAccess", "DataAccess\DataAccess.csproj", "{AFA9FC85-27A0-41FC-A17E-2DABFC2C4ADD}"
EndProject
Global
	GlobalSection(SolutionConfigurationPlatforms) = preSolution
		Debug|Any CPU = Debug|Any CPU
		Release|Any CPU = Release|Any CPU
	EndGlobalSection
	GlobalSection(ProjectConfigurationPlatforms) = postSolution
		{68489598-6265-424E-9F2E-C4042366233E}.Debug|Any CPU.ActiveCfg = Debug|Any CPU
		{68489598-6265-424E-9F2E-C4042366233E}.Debug|Any CPU.Build.0 = Debug|Any CPU
		{68489598-6265-424E-9F2E-C4042366233E}.Release|Any CPU.ActiveCfg = Release|Any CPU
		{68489598-6265-424E-9F2E-C4042366233E}.Release|Any CPU.Build.0 = Release|Any CPU
		{AFA9FC85-27A0-41FC-A17E-2DABFC2C4ADD}.Debug|Any CPU.ActiveCfg = Debug|Any CPU
		{AFA9FC85-27A0-41FC-A17E-2DABFC2C4ADD}.Debug|Any CPU.Build.0 = Debug|Any CPU
		{AFA9FC85-27A0-41FC-A17E-2DABFC2C4ADD}.Release|Any CPU.ActiveCfg = Release|Any CPU
		{AFA9FC85-27A0-41FC-A17E-2DABFC2C4ADD}.Release|Any CPU.Build.0 = Release|Any CPU
	EndGlobalSection
	GlobalSection(SolutionProperties) = preSolution
		HideSolutionNode = FALSE
	EndGlobalSection
EndGlobal
